
Microsoft Visual Studio Solution File, Format Version 12.00
# Visual Studio Version 16
VisualStudioVersion = 16.0.29911.84
MinimumVisualStudioVersion = 10.0.40219.1
Project("{00D1A9C2-B5F0-4AF3-8072-F6C62B433612}") = "MainDatabase", "MainDatabase.sqlproj", "{677A90BE-5465-44DA-A82D-EEF3D3D8209D}"
EndProject
Project("{2150E333-8FDC-42A3-9474-1A3956D46DE8}") = "dacpac", "dacpac", "{C474CC9C-2F49-479B-8EA5-4B4899FE7BCF}"
	ProjectSection(SolutionItems) = preProject
		dacpac\tsqlt_objects.dacpac = dacpac\tsqlt_objects.dacpac
	EndProjectSection
EndProject
Global
	GlobalSection(SolutionConfigurationPlatforms) = preSolution
		Debug|Any CPU = Debug|Any CPU
		Release|Any CPU = Release|Any CPU
	EndGlobalSection
	GlobalSection(ProjectConfigurationPlatforms) = postSolution
		{677A90BE-5465-44DA-A82D-EEF3D3D8209D}.Debug|Any CPU.ActiveCfg = Debug|Any CPU
		{677A90BE-5465-44DA-A82D-EEF3D3D8209D}.Debug|Any CPU.Build.0 = Debug|Any CPU
		{677A90BE-5465-44DA-A82D-EEF3D3D8209D}.Debug|Any CPU.Deploy.0 = Debug|Any CPU
		{677A90BE-5465-44DA-A82D-EEF3D3D8209D}.Release|Any CPU.ActiveCfg = Release|Any CPU
		{677A90BE-5465-44DA-A82D-EEF3D3D8209D}.Release|Any CPU.Build.0 = Release|Any CPU
		{677A90BE-5465-44DA-A82D-EEF3D3D8209D}.Release|Any CPU.Deploy.0 = Release|Any CPU
	EndGlobalSection
	GlobalSection(SolutionProperties) = preSolution
		HideSolutionNode = FALSE
	EndGlobalSection
	GlobalSection(ExtensibilityGlobals) = postSolution
		SolutionGuid = {F5E9978E-6494-4F20-ABB1-0E9A8BB252E2}
	EndGlobalSection
EndGlobal
